// !$*UTF8*$!
{
	archiveVersion = 1;
	classes = {
	};
	objectVersion = 46;
	objects = {

/* Begin PBXBuildFile section */
		5FA1E8CC4A63982B2FA13FCE /* libPods.a in Frameworks */ = {isa = PBXBuildFile; fileRef = 8A94926DB490EFE85F9A0468 /* libPods.a */; };
		60AF95981B2BFEF30044E47A /* images in Resources */ = {isa = PBXBuildFile; fileRef = 60AF95971B2BFEF30044E47A /* images */; };
		60F2C66A1B2B47240063DAD9 /* AppDelegate.swift in Sources */ = {isa = PBXBuildFile; fileRef = 60F2C6691B2B47240063DAD9 /* AppDelegate.swift */; };
		60F2C66D1B2B47240063DAD9 /* googleMapDemo.xcdatamodeld in Sources */ = {isa = PBXBuildFile; fileRef = 60F2C66B1B2B47240063DAD9 /* googleMapDemo.xcdatamodeld */; };
		60F2C66F1B2B47240063DAD9 /* ViewController.swift in Sources */ = {isa = PBXBuildFile; fileRef = 60F2C66E1B2B47240063DAD9 /* ViewController.swift */; };
		60F2C6721B2B47240063DAD9 /* Main.storyboard in Resources */ = {isa = PBXBuildFile; fileRef = 60F2C6701B2B47240063DAD9 /* Main.storyboard */; };
		60F2C6741B2B47240063DAD9 /* Images.xcassets in Resources */ = {isa = PBXBuildFile; fileRef = 60F2C6731B2B47240063DAD9 /* Images.xcassets */; };
		60F2C6771B2B47250063DAD9 /* LaunchScreen.xib in Resources */ = {isa = PBXBuildFile; fileRef = 60F2C6751B2B47250063DAD9 /* LaunchScreen.xib */; };
		60F2C6831B2B47250063DAD9 /* googleMapDemoTests.swift in Sources */ = {isa = PBXBuildFile; fileRef = 60F2C6821B2B47250063DAD9 /* googleMapDemoTests.swift */; };
/* End PBXBuildFile section */

/* Begin PBXContainerItemProxy section */
		60F2C67D1B2B47250063DAD9 /* PBXContainerItemProxy */ = {
			isa = PBXContainerItemProxy;
			containerPortal = 60F2C65C1B2B47240063DAD9 /* Project object */;
			proxyType = 1;
			remoteGlobalIDString = 60F2C6631B2B47240063DAD9;
			remoteInfo = googleMapDemo;
		};
/* End PBXContainerItemProxy section */

/* Begin PBXFileReference section */
		1B24C554D2E5ED92A2285171 /* Pods.debug.xcconfig */ = {isa = PBXFileReference; includeInIndex = 1; lastKnownFileType = text.xcconfig; name = Pods.debug.xcconfig; path = "Pods/Target Support Files/Pods/Pods.debug.xcconfig"; sourceTree = "<group>"; };
		60AF95971B2BFEF30044E47A /* images */ = {isa = PBXFileReference; lastKnownFileType = folder; path = images; sourceTree = "<group>"; };
		60F2C6641B2B47240063DAD9 /* googleMapDemo.app */ = {isa = PBXFileReference; explicitFileType = wrapper.application; includeInIndex = 0; path = googleMapDemo.app; sourceTree = BUILT_PRODUCTS_DIR; };
		60F2C6681B2B47240063DAD9 /* Info.plist */ = {isa = PBXFileReference; lastKnownFileType = text.plist.xml; path = Info.plist; sourceTree = "<group>"; };
		60F2C6691B2B47240063DAD9 /* AppDelegate.swift */ = {isa = PBXFileReference; lastKnownFileType = sourcecode.swift; path = AppDelegate.swift; sourceTree = "<group>"; };
		60F2C66C1B2B47240063DAD9 /* googleMapDemo.xcdatamodel */ = {isa = PBXFileReference; lastKnownFileType = wrapper.xcdatamodel; path = googleMapDemo.xcdatamodel; sourceTree = "<group>"; };
		60F2C66E1B2B47240063DAD9 /* ViewController.swift */ = {isa = PBXFileReference; lastKnownFileType = sourcecode.swift; path = ViewController.swift; sourceTree = "<group>"; };
		60F2C6711B2B47240063DAD9 /* Base */ = {isa = PBXFileReference; lastKnownFileType = file.storyboard; name = Base; path = Base.lproj/Main.storyboard; sourceTree = "<group>"; };
		60F2C6731B2B47240063DAD9 /* Images.xcassets */ = {isa = PBXFileReference; lastKnownFileType = folder.assetcatalog; path = Images.xcassets; sourceTree = "<group>"; };
		60F2C6761B2B47250063DAD9 /* Base */ = {isa = PBXFileReference; lastKnownFileType = file.xib; name = Base; path = Base.lproj/LaunchScreen.xib; sourceTree = "<group>"; };
		60F2C67C1B2B47250063DAD9 /* googleMapDemoTests.xctest */ = {isa = PBXFileReference; explicitFileType = wrapper.cfbundle; includeInIndex = 0; path = googleMapDemoTests.xctest; sourceTree = BUILT_PRODUCTS_DIR; };
		60F2C6811B2B47250063DAD9 /* Info.plist */ = {isa = PBXFileReference; lastKnownFileType = text.plist.xml; path = Info.plist; sourceTree = "<group>"; };
		60F2C6821B2B47250063DAD9 /* googleMapDemoTests.swift */ = {isa = PBXFileReference; lastKnownFileType = sourcecode.swift; path = googleMapDemoTests.swift; sourceTree = "<group>"; };
		60F2C68C1B2B56C80063DAD9 /* googleMapDemo-Bridging-Header.h */ = {isa = PBXFileReference; lastKnownFileType = sourcecode.c.h; path = "googleMapDemo-Bridging-Header.h"; sourceTree = "<group>"; };
		632878A81F32665F620AD74A /* Pods.release.xcconfig */ = {isa = PBXFileReference; includeInIndex = 1; lastKnownFileType = text.xcconfig; name = Pods.release.xcconfig; path = "Pods/Target Support Files/Pods/Pods.release.xcconfig"; sourceTree = "<group>"; };
		8A94926DB490EFE85F9A0468 /* libPods.a */ = {isa = PBXFileReference; explicitFileType = archive.ar; includeInIndex = 0; path = libPods.a; sourceTree = BUILT_PRODUCTS_DIR; };
/* End PBXFileReference section */

/* Begin PBXFrameworksBuildPhase section */
		60F2C6611B2B47240063DAD9 /* Frameworks */ = {
			isa = PBXFrameworksBuildPhase;
			buildActionMask = 2147483647;
			files = (
				5FA1E8CC4A63982B2FA13FCE /* libPods.a in Frameworks */,
			);
			runOnlyForDeploymentPostprocessing = 0;
		};
		60F2C6791B2B47250063DAD9 /* Frameworks */ = {
			isa = PBXFrameworksBuildPhase;
			buildActionMask = 2147483647;
			files = (
			);
			runOnlyForDeploymentPostprocessing = 0;
		};
/* End PBXFrameworksBuildPhase section */

/* Begin PBXGroup section */
		36252909FE4860E5C86AD348 /* Pods */ = {
			isa = PBXGroup;
			children = (
				1B24C554D2E5ED92A2285171 /* Pods.debug.xcconfig */,
				632878A81F32665F620AD74A /* Pods.release.xcconfig */,
			);
			name = Pods;
			sourceTree = "<group>";
		};
		60F2C65B1B2B47240063DAD9 = {
			isa = PBXGroup;
			children = (
				60F2C6661B2B47240063DAD9 /* googleMapDemo */,
				60F2C6651B2B47240063DAD9 /* Products */,
				36252909FE4860E5C86AD348 /* Pods */,
				60F2C67F1B2B47250063DAD9 /* googleMapDemoTests */,
				E888A510B9B77775E60E7DDA /* Frameworks */,
				60F2C68C1B2B56C80063DAD9 /* googleMapDemo-Bridging-Header.h */,
			);
			sourceTree = "<group>";
		};
		60F2C6651B2B47240063DAD9 /* Products */ = {
			isa = PBXGroup;
			children = (
				60F2C6641B2B47240063DAD9 /* googleMapDemo.app */,
				60F2C67C1B2B47250063DAD9 /* googleMapDemoTests.xctest */,
			);
			name = Products;
			sourceTree = "<group>";
		};
		60F2C6661B2B47240063DAD9 /* googleMapDemo */ = {
			isa = PBXGroup;
			children = (
				60F2C6691B2B47240063DAD9 /* AppDelegate.swift */,
				60F2C66E1B2B47240063DAD9 /* ViewController.swift */,
				60F2C6701B2B47240063DAD9 /* Main.storyboard */,
				60F2C6751B2B47250063DAD9 /* LaunchScreen.xib */,
				60F2C66B1B2B47240063DAD9 /* googleMapDemo.xcdatamodeld */,
				60F2C6671B2B47240063DAD9 /* Supporting Files */,
			);
			path = googleMapDemo;
			sourceTree = "<group>";
		};
		60F2C6671B2B47240063DAD9 /* Supporting Files */ = {
			isa = PBXGroup;
			children = (
				60AF95971B2BFEF30044E47A /* images */,
				60F2C6731B2B47240063DAD9 /* Images.xcassets */,
				60F2C6681B2B47240063DAD9 /* Info.plist */,
			);
			name = "Supporting Files";
			sourceTree = "<group>";
		};
		60F2C67F1B2B47250063DAD9 /* googleMapDemoTests */ = {
			isa = PBXGroup;
			children = (
				60F2C6821B2B47250063DAD9 /* googleMapDemoTests.swift */,
				60F2C6801B2B47250063DAD9 /* Supporting Files */,
			);
			path = googleMapDemoTests;
			sourceTree = "<group>";
		};
		60F2C6801B2B47250063DAD9 /* Supporting Files */ = {
			isa = PBXGroup;
			children = (
				60F2C6811B2B47250063DAD9 /* Info.plist */,
			);
			name = "Supporting Files";
			sourceTree = "<group>";
		};
		E888A510B9B77775E60E7DDA /* Frameworks */ = {
			isa = PBXGroup;
			children = (
				8A94926DB490EFE85F9A0468 /* libPods.a */,
			);
			name = Frameworks;
			sourceTree = "<group>";
		};
/* End PBXGroup section */

/* Begin PBXNativeTarget section */
		60F2C6631B2B47240063DAD9 /* googleMapDemo */ = {
			isa = PBXNativeTarget;
			buildConfigurationList = 60F2C6861B2B47250063DAD9 /* Build configuration list for PBXNativeTarget "googleMapDemo" */;
			buildPhases = (
				F836163DA526633917D1F67D /* Check Pods Manifest.lock */,
				60F2C6601B2B47240063DAD9 /* Sources */,
				60F2C6611B2B47240063DAD9 /* Frameworks */,
				60F2C6621B2B47240063DAD9 /* Resources */,
				A500F588EF5656A6629C8904 /* Copy Pods Resources */,
			);
			buildRules = (
			);
			dependencies = (
			);
			name = googleMapDemo;
			productName = googleMapDemo;
			productReference = 60F2C6641B2B47240063DAD9 /* googleMapDemo.app */;
			productType = "com.apple.product-type.application";
		};
		60F2C67B1B2B47250063DAD9 /* googleMapDemoTests */ = {
			isa = PBXNativeTarget;
			buildConfigurationList = 60F2C6891B2B47250063DAD9 /* Build configuration list for PBXNativeTarget "googleMapDemoTests" */;
			buildPhases = (
				60F2C6781B2B47250063DAD9 /* Sources */,
				60F2C6791B2B47250063DAD9 /* Frameworks */,
				60F2C67A1B2B47250063DAD9 /* Resources */,
			);
			buildRules = (
			);
			dependencies = (
				60F2C67E1B2B47250063DAD9 /* PBXTargetDependency */,
			);
			name = googleMapDemoTests;
			productName = googleMapDemoTests;
			productReference = 60F2C67C1B2B47250063DAD9 /* googleMapDemoTests.xctest */;
			productType = "com.apple.product-type.bundle.unit-test";
		};
/* End PBXNativeTarget section */

/* Begin PBXProject section */
		60F2C65C1B2B47240063DAD9 /* Project object */ = {
			isa = PBXProject;
			attributes = {
				LastSwiftMigration = 0700;
				LastSwiftUpdateCheck = 0700;
				LastUpgradeCheck = 0630;
				ORGANIZATIONNAME = Dan.Lee;
				TargetAttributes = {
					60F2C6631B2B47240063DAD9 = {
						CreatedOnToolsVersion = 6.3.1;
					};
					60F2C67B1B2B47250063DAD9 = {
						CreatedOnToolsVersion = 6.3.1;
						TestTargetID = 60F2C6631B2B47240063DAD9;
					};
				};
			};
			buildConfigurationList = 60F2C65F1B2B47240063DAD9 /* Build configuration list for PBXProject "googleMapDemo" */;
			compatibilityVersion = "Xcode 3.2";
			developmentRegion = English;
			hasScannedForEncodings = 0;
			knownRegions = (
				en,
				Base,
			);
			mainGroup = 60F2C65B1B2B47240063DAD9;
			productRefGroup = 60F2C6651B2B47240063DAD9 /* Products */;
			projectDirPath = "";
			projectRoot = "";
			targets = (
				60F2C6631B2B47240063DAD9 /* googleMapDemo */,
				60F2C67B1B2B47250063DAD9 /* googleMapDemoTests */,
			);
		};
/* End PBXProject section */

/* Begin PBXResourcesBuildPhase section */
		60F2C6621B2B47240063DAD9 /* Resources */ = {
			isa = PBXResourcesBuildPhase;
			buildActionMask = 2147483647;
			files = (
				60AF95981B2BFEF30044E47A /* images in Resources */,
				60F2C6721B2B47240063DAD9 /* Main.storyboard in Resources */,
				60F2C6771B2B47250063DAD9 /* LaunchScreen.xib in Resources */,
				60F2C6741B2B47240063DAD9 /* Images.xcassets in Resources */,
			);
			runOnlyForDeploymentPostprocessing = 0;
		};
		60F2C67A1B2B47250063DAD9 /* Resources */ = {
			isa = PBXResourcesBuildPhase;
			buildActionMask = 2147483647;
			files = (
			);
			runOnlyForDeploymentPostprocessing = 0;
		};
/* End PBXResourcesBuildPhase section */

/* Begin PBXShellScriptBuildPhase section */
		A500F588EF5656A6629C8904 /* Copy Pods Resources */ = {
			isa = PBXShellScriptBuildPhase;
			buildActionMask = 2147483647;
			files = (
			);
			inputPaths = (
			);
			name = "Copy Pods Resources";
			outputPaths = (
			);
			runOnlyForDeploymentPostprocessing = 0;
			shellPath = /bin/sh;
			shellScript = "\"${SRCROOT}/Pods/Target Support Files/Pods/Pods-resources.sh\"\n";
			showEnvVarsInLog = 0;
		};
		F836163DA526633917D1F67D /* Check Pods Manifest.lock */ = {
			isa = PBXShellScriptBuildPhase;
			buildActionMask = 2147483647;
			files = (
			);
			inputPaths = (
			);
			name = "Check Pods Manifest.lock";
			outputPaths = (
			);
			runOnlyForDeploymentPostprocessing = 0;
			shellPath = /bin/sh;
			shellScript = "diff \"${PODS_ROOT}/../Podfile.lock\" \"${PODS_ROOT}/Manifest.lock\" > /dev/null\nif [[ $? != 0 ]] ; then\n    cat << EOM\nerror: The sandbox is not in sync with the Podfile.lock. Run 'pod install' or update your CocoaPods installation.\nEOM\n    exit 1\nfi\n";
			showEnvVarsInLog = 0;
		};
/* End PBXShellScriptBuildPhase section */

/* Begin PBXSourcesBuildPhase section */
		60F2C6601B2B47240063DAD9 /* Sources */ = {
			isa = PBXSourcesBuildPhase;
			buildActionMask = 2147483647;
			files = (
				60F2C66F1B2B47240063DAD9 /* ViewController.swift in Sources */,
				60F2C66D1B2B47240063DAD9 /* googleMapDemo.xcdatamodeld in Sources */,
				60F2C66A1B2B47240063DAD9 /* AppDelegate.swift in Sources */,
			);
			runOnlyForDeploymentPostprocessing = 0;
		};
		60F2C6781B2B47250063DAD9 /* Sources */ = {
			isa = PBXSourcesBuildPhase;
			buildActionMask = 2147483647;
			files = (
				60F2C6831B2B47250063DAD9 /* googleMapDemoTests.swift in Sources */,
			);
			runOnlyForDeploymentPostprocessing = 0;
		};
/* End PBXSourcesBuildPhase section */

/* Begin PBXTargetDependency section */
		60F2C67E1B2B47250063DAD9 /* PBXTargetDependency */ = {
			isa = PBXTargetDependency;
			target = 60F2C6631B2B47240063DAD9 /* googleMapDemo */;
			targetProxy = 60F2C67D1B2B47250063DAD9 /* PBXContainerItemProxy */;
		};
/* End PBXTargetDependency section */

/* Begin PBXVariantGroup section */
		60F2C6701B2B47240063DAD9 /* Main.storyboard */ = {
			isa = PBXVariantGroup;
			children = (
				60F2C6711B2B47240063DAD9 /* Base */,
			);
			name = Main.storyboard;
			sourceTree = "<group>";
		};
		60F2C6751B2B47250063DAD9 /* LaunchScreen.xib */ = {
			isa = PBXVariantGroup;
			children = (
				60F2C6761B2B47250063DAD9 /* Base */,
			);
			name = LaunchScreen.xib;
			sourceTree = "<group>";
		};
/* End PBXVariantGroup section */

/* Begin XCBuildConfiguration section */
		60F2C6841B2B47250063DAD9 /* Debug */ = {
			isa = XCBuildConfiguration;
			buildSettings = {
				ALWAYS_SEARCH_USER_PATHS = NO;
				CLANG_CXX_LANGUAGE_STANDARD = "gnu++0x";
				CLANG_CXX_LIBRARY = "libc++";
				CLANG_ENABLE_MODULES = YES;
				CLANG_ENABLE_OBJC_ARC = YES;
				CLANG_WARN_BOOL_CONVERSION = YES;
				CLANG_WARN_CONSTANT_CONVERSION = YES;
				CLANG_WARN_DIRECT_OBJC_ISA_USAGE = YES_ERROR;
				CLANG_WARN_EMPTY_BODY = YES;
				CLANG_WARN_ENUM_CONVERSION = YES;
				CLANG_WARN_INT_CONVERSION = YES;
				CLANG_WARN_OBJC_ROOT_CLASS = YES_ERROR;
				CLANG_WARN_UNREACHABLE_CODE = YES;
				CLANG_WARN__DUPLICATE_METHOD_MATCH = YES;
				"CODE_SIGN_IDENTITY[sdk=iphoneos*]" = "iPhone Developer";
				COPY_PHASE_STRIP = NO;
				DEBUG_INFORMATION_FORMAT = "dwarf-with-dsym";
				ENABLE_STRICT_OBJC_MSGSEND = YES;
				GCC_C_LANGUAGE_STANDARD = gnu99;
				GCC_DYNAMIC_NO_PIC = NO;
				GCC_NO_COMMON_BLOCKS = YES;
				GCC_OPTIMIZATION_LEVEL = 0;
				GCC_PREPROCESSOR_DEFINITIONS = (
					"DEBUG=1",
					"$(inherited)",
				);
				GCC_SYMBOLS_PRIVATE_EXTERN = NO;
				GCC_WARN_64_TO_32_BIT_CONVERSION = YES;
				GCC_WARN_ABOUT_RETURN_TYPE = YES_ERROR;
				GCC_WARN_UNDECLARED_SELECTOR = YES;
				GCC_WARN_UNINITIALIZED_AUTOS = YES_AGGRESSIVE;
				GCC_WARN_UNUSED_FUNCTION = YES;
				GCC_WARN_UNUSED_VARIABLE = YES;
				IPHONEOS_DEPLOYMENT_TARGET = 8.3;
				MTL_ENABLE_DEBUG_INFO = YES;
				ONLY_ACTIVE_ARCH = YES;
				SDKROOT = iphoneos;
				SWIFT_OPTIMIZATION_LEVEL = "-Onone";
				TARGETED_DEVICE_FAMILY = "1,2";
			};
			name = Debug;
		};
		60F2C6851B2B47250063DAD9 /* Release */ = {
			isa = XCBuildConfiguration;
			buildSettings = {
				ALWAYS_SEARCH_USER_PATHS = NO;
				CLANG_CXX_LANGUAGE_STANDARD = "gnu++0x";
				CLANG_CXX_LIBRARY = "libc++";
				CLANG_ENABLE_MODULES = YES;
				CLANG_ENABLE_OBJC_ARC = YES;
				CLANG_WARN_BOOL_CONVERSION = YES;
				CLANG_WARN_CONSTANT_CONVERSION = YES;
				CLANG_WARN_DIRECT_OBJC_ISA_USAGE = YES_ERROR;
				CLANG_WARN_EMPTY_BODY = YES;
				CLANG_WARN_ENUM_CONVERSION = YES;
				CLANG_WARN_INT_CONVERSION = YES;
				CLANG_WARN_OBJC_ROOT_CLASS = YES_ERROR;
				CLANG_WARN_UNREACHABLE_CODE = YES;
				CLANG_WARN__DUPLICATE_METHOD_MATCH = YES;
				"CODE_SIGN_IDENTITY[sdk=iphoneos*]" = "iPhone Developer";
				COPY_PHASE_STRIP = NO;
				DEBUG_INFORMATION_FORMAT = "dwarf-with-dsym";
				ENABLE_NS_ASSERTIONS = NO;
				ENABLE_STRICT_OBJC_MSGSEND = YES;
				GCC_C_LANGUAGE_STANDARD = gnu99;
				GCC_NO_COMMON_BLOCKS = YES;
				GCC_WARN_64_TO_32_BIT_CONVERSION = YES;
				GCC_WARN_ABOUT_RETURN_TYPE = YES_ERROR;
				GCC_WARN_UNDECLARED_SELECTOR = YES;
				GCC_WARN_UNINITIALIZED_AUTOS = YES_AGGRESSIVE;
				GCC_WARN_UNUSED_FUNCTION = YES;
				GCC_WARN_UNUSED_VARIABLE = YES;
				IPHONEOS_DEPLOYMENT_TARGET = 8.3;
				MTL_ENABLE_DEBUG_INFO = NO;
				SDKROOT = iphoneos;
				TARGETED_DEVICE_FAMILY = "1,2";
				VALIDATE_PRODUCT = YES;
			};
			name = Release;
		};
		60F2C6871B2B47250063DAD9 /* Debug */ = {
			isa = XCBuildConfiguration;
			baseConfigurationReference = 1B24C554D2E5ED92A2285171 /* Pods.debug.xcconfig */;
			buildSettings = {
				ASSETCATALOG_COMPILER_APPICON_NAME = AppIcon;
				CLANG_ENABLE_MODULES = YES;
				INFOPLIST_FILE = googleMapDemo/Info.plist;
				LD_RUNPATH_SEARCH_PATHS = "$(inherited) @executable_path/Frameworks";
				PRODUCT_NAME = "$(TARGET_NAME)";
				SWIFT_OBJC_BRIDGING_HEADER = "googleMapDemo-Bridging-Header.h";
				SWIFT_OPTIMIZATION_LEVEL = "-Onone";
			};
			name = Debug;
		};
		60F2C6881B2B47250063DAD9 /* Release */ = {
			isa = XCBuildConfiguration;
			baseConfigurationReference = 632878A81F32665F620AD74A /* Pods.release.xcconfig */;
			buildSettings = {
				ASSETCATALOG_COMPILER_APPICON_NAME = AppIcon;
				CLANG_ENABLE_MODULES = YES;
				INFOPLIST_FILE = googleMapDemo/Info.plist;
				LD_RUNPATH_SEARCH_PATHS = "$(inherited) @executable_path/Frameworks";
				PRODUCT_NAME = "$(TARGET_NAME)";
				SWIFT_OBJC_BRIDGING_HEADER = "googleMapDemo-Bridging-Header.h";
			};
			name = Release;
		};
		60F2C68A1B2B47250063DAD9 /* Debug */ = {
			isa = XCBuildConfiguration;
			buildSettings = {
				BUNDLE_LOADER = "$(TEST_HOST)";
				FRAMEWORK_SEARCH_PATHS = (
					"$(SDKROOT)/Developer/Library/Frameworks",
					"$(inherited)",
				);
				GCC_PREPROCESSOR_DEFINITIONS = (
					"DEBUG=1",
					"$(inherited)",
				);
				INFOPLIST_FILE = googleMapDemoTests/Info.plist;
				LD_RUNPATH_SEARCH_PATHS = "$(inherited) @executable_path/Frameworks @loader_path/Frameworks";
				PRODUCT_NAME = "$(TARGET_NAME)";
				TEST_HOST = "$(BUILT_PRODUCTS_DIR)/googleMapDemo.app/googleMapDemo";
			};
			name = Debug;
		};
		60F2C68B1B2B47250063DAD9 /* Release */ = {
			isa = XCBuildConfiguration;
			buildSettings = {
				BUNDLE_LOADER = "$(TEST_HOST)";
				FRAMEWORK_SEARCH_PATHS = (
					"$(SDKROOT)/Developer/Library/Frameworks",
					"$(inherited)",
				);
				INFOPLIST_FILE = googleMapDemoTests/Info.plist;
				LD_RUNPATH_SEARCH_PATHS = "$(inherited) @executable_path/Frameworks @loader_path/Frameworks";
				PRODUCT_NAME = "$(TARGET_NAME)";
				TEST_HOST = "$(BUILT_PRODUCTS_DIR)/googleMapDemo.app/googleMapDemo";
			};
			name = Release;
		};
/* End XCBuildConfiguration section */

/* Begin XCConfigurationList section */
		60F2C65F1B2B47240063DAD9 /* Build configuration list for PBXProject "googleMapDemo" */ = {
			isa = XCConfigurationList;
			buildConfigurations = (
				60F2C6841B2B47250063DAD9 /* Debug */,
				60F2C6851B2B47250063DAD9 /* Release */,
			);
			defaultConfigurationIsVisible = 0;
			defaultConfigurationName = Release;
		};
		60F2C6861B2B47250063DAD9 /* Build configuration list for PBXNativeTarget "googleMapDemo" */ = {
			isa = XCConfigurationList;
			buildConfigurations = (
				60F2C6871B2B47250063DAD9 /* Debug */,
				60F2C6881B2B47250063DAD9 /* Release */,
			);
			defaultConfigurationIsVisible = 0;
			defaultConfigurationName = Release;
		};
		60F2C6891B2B47250063DAD9 /* Build configuration list for PBXNativeTarget "googleMapDemoTests" */ = {
			isa = XCConfigurationList;
			buildConfigurations = (
				60F2C68A1B2B47250063DAD9 /* Debug */,
				60F2C68B1B2B47250063DAD9 /* Release */,
			);
			defaultConfigurationIsVisible = 0;
			defaultConfigurationName = Release;
		};
/* End XCConfigurationList section */

/* Begin XCVersionGroup section */
		60F2C66B1B2B47240063DAD9 /* googleMapDemo.xcdatamodeld */ = {
			isa = XCVersionGroup;
			children = (
				60F2C66C1B2B47240063DAD9 /* googleMapDemo.xcdatamodel */,
			);
			currentVersion = 60F2C66C1B2B47240063DAD9 /* googleMapDemo.xcdatamodel */;
			path = googleMapDemo.xcdatamodeld;
			sourceTree = "<group>";
			versionGroupType = wrapper.xcdatamodel;
		};
/* End XCVersionGroup section */
	};
	rootObject = 60F2C65C1B2B47240063DAD9 /* Project object */;
}
